
Microsoft Visual Studio Solution File, Format Version 12.00
# Visual Studio Version 17
VisualStudioVersion = 17.11.35208.52
MinimumVisualStudioVersion = 10.0.40219.1
Project("{FAE04EC0-301F-11D3-BF4B-00C04F79EFBC}") = "Ejercicio37", "Ejercicio37\Ejercicio37.csproj", "{6BE0EC36-4BBC-42C5-8E43-052D8387917A}"
EndProject
Global
	GlobalSection(SolutionConfigurationPlatforms) = preSolution
		Debug|Any CPU = Debug|Any CPU
		Release|Any CPU = Release|Any CPU
	EndGlobalSection
	GlobalSection(ProjectConfigurationPlatforms) = postSolution
		{6BE0EC36-4BBC-42C5-8E43-052D8387917A}.Debug|Any CPU.ActiveCfg = Debug|Any CPU
		{6BE0EC36-4BBC-42C5-8E43-052D8387917A}.Debug|Any CPU.Build.0 = Debug|Any CPU
		{6BE0EC36-4BBC-42C5-8E43-052D8387917A}.Release|Any CPU.ActiveCfg = Release|Any CPU
		{6BE0EC36-4BBC-42C5-8E43-052D8387917A}.Release|Any CPU.Build.0 = Release|Any CPU
	EndGlobalSection
	GlobalSection(SolutionProperties) = preSolution
		HideSolutionNode = FALSE
	EndGlobalSection
	GlobalSection(ExtensibilityGlobals) = postSolution
		SolutionGuid = {3D572DFA-91DA-40F7-898B-118B811ED68C}
	EndGlobalSection
EndGlobal
