
Microsoft Visual Studio Solution File, Format Version 12.00
# Visual Studio Version 17
VisualStudioVersion = 17.11.35208.52
MinimumVisualStudioVersion = 10.0.40219.1
Project("{FAE04EC0-301F-11D3-BF4B-00C04F79EFBC}") = "Parcial2_Logic_2024_II", "Parcial2_Logic_2024_II\Parcial2_Logic_2024_II.csproj", "{502CF22F-9AFE-4D41-8242-3824D06478BB}"
EndProject
Global
	GlobalSection(SolutionConfigurationPlatforms) = preSolution
		Debug|Any CPU = Debug|Any CPU
		Release|Any CPU = Release|Any CPU
	EndGlobalSection
	GlobalSection(ProjectConfigurationPlatforms) = postSolution
		{502CF22F-9AFE-4D41-8242-3824D06478BB}.Debug|Any CPU.ActiveCfg = Debug|Any CPU
		{502CF22F-9AFE-4D41-8242-3824D06478BB}.Debug|Any CPU.Build.0 = Debug|Any CPU
		{502CF22F-9AFE-4D41-8242-3824D06478BB}.Release|Any CPU.ActiveCfg = Release|Any CPU
		{502CF22F-9AFE-4D41-8242-3824D06478BB}.Release|Any CPU.Build.0 = Release|Any CPU
	EndGlobalSection
	GlobalSection(SolutionProperties) = preSolution
		HideSolutionNode = FALSE
	EndGlobalSection
	GlobalSection(ExtensibilityGlobals) = postSolution
		SolutionGuid = {2674E0BD-F301-47B9-AB78-EABFE223FF88}
	EndGlobalSection
EndGlobal
